// !$*UTF8*$!
{
	archiveVersion = 1;
	classes = {
	};
	objectVersion = 50;
	objects = {

/* Begin PBXBuildFile section */
		60715BF6237A3FD20028BBF8 /* main.cpp in Sources */ = {isa = PBXBuildFile; fileRef = 60715BF5237A3FD20028BBF8 /* main.cpp */; };
		60715C02237A41200028BBF8 /* AssemblerImpl.cpp in Sources */ = {isa = PBXBuildFile; fileRef = 60715C00237A41200028BBF8 /* AssemblerImpl.cpp */; };
		60715C0A237A420C0028BBF8 /* AppDelegate.swift in Sources */ = {isa = PBXBuildFile; fileRef = 60715C09237A420C0028BBF8 /* AppDelegate.swift */; };
		60715C0C237A420C0028BBF8 /* ViewController.swift in Sources */ = {isa = PBXBuildFile; fileRef = 60715C0B237A420C0028BBF8 /* ViewController.swift */; };
		60715C0F237A420C0028BBF8 /* Main.storyboard in Resources */ = {isa = PBXBuildFile; fileRef = 60715C0D237A420C0028BBF8 /* Main.storyboard */; };
		60715C11237A420E0028BBF8 /* Assets.xcassets in Resources */ = {isa = PBXBuildFile; fileRef = 60715C10237A420E0028BBF8 /* Assets.xcassets */; };
		60715C14237A420E0028BBF8 /* LaunchScreen.storyboard in Resources */ = {isa = PBXBuildFile; fileRef = 60715C12237A420E0028BBF8 /* LaunchScreen.storyboard */; };
		60715C19237A42790028BBF8 /* AssemblerImpl.cpp in Sources */ = {isa = PBXBuildFile; fileRef = 60715C00237A41200028BBF8 /* AssemblerImpl.cpp */; };
		60715C1E237A42C40028BBF8 /* BBAssembler+Private.mm in Sources */ = {isa = PBXBuildFile; fileRef = 60715C1D237A42C40028BBF8 /* BBAssembler+Private.mm */; };
		60715C31237A452A0028BBF8 /* DJIProxyCaches.mm in Sources */ = {isa = PBXBuildFile; fileRef = 60715C2D237A45290028BBF8 /* DJIProxyCaches.mm */; };
		60715C32237A452A0028BBF8 /* DJIError.mm in Sources */ = {isa = PBXBuildFile; fileRef = 60715C2F237A45290028BBF8 /* DJIError.mm */; };
/* End PBXBuildFile section */

/* Begin PBXCopyFilesBuildPhase section */
		60715BF0237A3FD20028BBF8 /* CopyFiles */ = {
			isa = PBXCopyFilesBuildPhase;
			buildActionMask = 2147483647;
			dstPath = /usr/share/man/man1/;
			dstSubfolderSpec = 0;
			files = (
			);
			runOnlyForDeploymentPostprocessing = 1;
		};
/* End PBXCopyFilesBuildPhase section */

/* Begin PBXFileReference section */
		60715BF2237A3FD20028BBF8 /* BattleBuddyCore */ = {isa = PBXFileReference; explicitFileType = "compiled.mach-o.executable"; includeInIndex = 0; path = BattleBuddyCore; sourceTree = BUILT_PRODUCTS_DIR; };
		60715BF5237A3FD20028BBF8 /* main.cpp */ = {isa = PBXFileReference; lastKnownFileType = sourcecode.cpp.cpp; path = main.cpp; sourceTree = "<group>"; };
		60715BFF237A41110028BBF8 /* Assembler.hpp */ = {isa = PBXFileReference; fileEncoding = 4; lastKnownFileType = sourcecode.cpp.h; name = Assembler.hpp; path = "../../../generated-src/cpp/Assembler.hpp"; sourceTree = "<group>"; };
		60715C00237A41200028BBF8 /* AssemblerImpl.cpp */ = {isa = PBXFileReference; fileEncoding = 4; lastKnownFileType = sourcecode.cpp.cpp; name = AssemblerImpl.cpp; path = ../../../src/cpp/AssemblerImpl.cpp; sourceTree = "<group>"; };
		60715C01237A41200028BBF8 /* AssemblerImpl.hpp */ = {isa = PBXFileReference; fileEncoding = 4; lastKnownFileType = sourcecode.cpp.h; name = AssemblerImpl.hpp; path = ../../../src/cpp/AssemblerImpl.hpp; sourceTree = "<group>"; };
		60715C07237A420C0028BBF8 /* BattleBuddy.app */ = {isa = PBXFileReference; explicitFileType = wrapper.application; includeInIndex = 0; path = BattleBuddy.app; sourceTree = BUILT_PRODUCTS_DIR; };
		60715C09237A420C0028BBF8 /* AppDelegate.swift */ = {isa = PBXFileReference; lastKnownFileType = sourcecode.swift; path = AppDelegate.swift; sourceTree = "<group>"; };
		60715C0B237A420C0028BBF8 /* ViewController.swift */ = {isa = PBXFileReference; lastKnownFileType = sourcecode.swift; path = ViewController.swift; sourceTree = "<group>"; };
		60715C0E237A420C0028BBF8 /* Base */ = {isa = PBXFileReference; lastKnownFileType = file.storyboard; name = Base; path = Base.lproj/Main.storyboard; sourceTree = "<group>"; };
		60715C10237A420E0028BBF8 /* Assets.xcassets */ = {isa = PBXFileReference; lastKnownFileType = folder.assetcatalog; path = Assets.xcassets; sourceTree = "<group>"; };
		60715C13237A420E0028BBF8 /* Base */ = {isa = PBXFileReference; lastKnownFileType = file.storyboard; name = Base; path = Base.lproj/LaunchScreen.storyboard; sourceTree = "<group>"; };
		60715C15237A420E0028BBF8 /* Info.plist */ = {isa = PBXFileReference; lastKnownFileType = text.plist.xml; path = Info.plist; sourceTree = "<group>"; };
		60715C1B237A42C40028BBF8 /* BBAssembler.h */ = {isa = PBXFileReference; fileEncoding = 4; lastKnownFileType = sourcecode.c.h; name = BBAssembler.h; path = "../../../../generated-src/objc/BBAssembler.h"; sourceTree = "<group>"; };
		60715C1C237A42C40028BBF8 /* BBAssembler+Private.h */ = {isa = PBXFileReference; fileEncoding = 4; lastKnownFileType = sourcecode.c.h; name = "BBAssembler+Private.h"; path = "../../../../generated-src/objc/BBAssembler+Private.h"; sourceTree = "<group>"; };
		60715C1D237A42C40028BBF8 /* BBAssembler+Private.mm */ = {isa = PBXFileReference; fileEncoding = 4; lastKnownFileType = sourcecode.cpp.objcpp; name = "BBAssembler+Private.mm"; path = "../../../../generated-src/objc/BBAssembler+Private.mm"; sourceTree = "<group>"; };
		60715C2B237A45290028BBF8 /* DJIError.h */ = {isa = PBXFileReference; fileEncoding = 4; lastKnownFileType = sourcecode.c.h; name = DJIError.h; path = "../../../../deps/djinni/support-lib/objc/DJIError.h"; sourceTree = "<group>"; };
		60715C2C237A45290028BBF8 /* DJIObjcWrapperCache+Private.h */ = {isa = PBXFileReference; fileEncoding = 4; lastKnownFileType = sourcecode.c.h; name = "DJIObjcWrapperCache+Private.h"; path = "../../../../deps/djinni/support-lib/objc/DJIObjcWrapperCache+Private.h"; sourceTree = "<group>"; };
		60715C2D237A45290028BBF8 /* DJIProxyCaches.mm */ = {isa = PBXFileReference; fileEncoding = 4; lastKnownFileType = sourcecode.cpp.objcpp; name = DJIProxyCaches.mm; path = "../../../../deps/djinni/support-lib/objc/DJIProxyCaches.mm"; sourceTree = "<group>"; };
		60715C2E237A45290028BBF8 /* DJICppWrapperCache+Private.h */ = {isa = PBXFileReference; fileEncoding = 4; lastKnownFileType = sourcecode.c.h; name = "DJICppWrapperCache+Private.h"; path = "../../../../deps/djinni/support-lib/objc/DJICppWrapperCache+Private.h"; sourceTree = "<group>"; };
		60715C2F237A45290028BBF8 /* DJIError.mm */ = {isa = PBXFileReference; fileEncoding = 4; lastKnownFileType = sourcecode.cpp.objcpp; name = DJIError.mm; path = "../../../../deps/djinni/support-lib/objc/DJIError.mm"; sourceTree = "<group>"; };
		60715C30237A45290028BBF8 /* DJIMarshal+Private.h */ = {isa = PBXFileReference; fileEncoding = 4; lastKnownFileType = sourcecode.c.h; name = "DJIMarshal+Private.h"; path = "../../../../deps/djinni/support-lib/objc/DJIMarshal+Private.h"; sourceTree = "<group>"; };
		60715C37237A478B0028BBF8 /* BattleBuddy-Bridging-Header.h */ = {isa = PBXFileReference; lastKnownFileType = sourcecode.c.h; path = "BattleBuddy-Bridging-Header.h"; sourceTree = "<group>"; };
/* End PBXFileReference section */

/* Begin PBXFrameworksBuildPhase section */
		60715BEF237A3FD20028BBF8 /* Frameworks */ = {
			isa = PBXFrameworksBuildPhase;
			buildActionMask = 2147483647;
			files = (
			);
			runOnlyForDeploymentPostprocessing = 0;
		};
		60715C04237A420C0028BBF8 /* Frameworks */ = {
			isa = PBXFrameworksBuildPhase;
			buildActionMask = 2147483647;
			files = (
			);
			runOnlyForDeploymentPostprocessing = 0;
		};
/* End PBXFrameworksBuildPhase section */

/* Begin PBXGroup section */
		60715BE9237A3FD20028BBF8 = {
			isa = PBXGroup;
			children = (
				60715BF4237A3FD20028BBF8 /* BattleBuddyCore */,
				60715C08237A420C0028BBF8 /* BattleBuddy */,
				60715BF3237A3FD20028BBF8 /* Products */,
			);
			sourceTree = "<group>";
		};
		60715BF3237A3FD20028BBF8 /* Products */ = {
			isa = PBXGroup;
			children = (
				60715BF2237A3FD20028BBF8 /* BattleBuddyCore */,
				60715C07237A420C0028BBF8 /* BattleBuddy.app */,
			);
			name = Products;
			sourceTree = "<group>";
		};
		60715BF4237A3FD20028BBF8 /* BattleBuddyCore */ = {
			isa = PBXGroup;
			children = (
				60715BF5237A3FD20028BBF8 /* main.cpp */,
				60715BFF237A41110028BBF8 /* Assembler.hpp */,
				60715C00237A41200028BBF8 /* AssemblerImpl.cpp */,
				60715C01237A41200028BBF8 /* AssemblerImpl.hpp */,
			);
			path = BattleBuddyCore;
			sourceTree = "<group>";
		};
		60715C08237A420C0028BBF8 /* BattleBuddy */ = {
			isa = PBXGroup;
			children = (
				60715C37237A478B0028BBF8 /* BattleBuddy-Bridging-Header.h */,
				60715C15237A420E0028BBF8 /* Info.plist */,
				60715C09237A420C0028BBF8 /* AppDelegate.swift */,
				60715C2A237A45160028BBF8 /* Djinni */,
				60715C1A237A42890028BBF8 /* Bridge */,
				60715C29237A44EC0028BBF8 /* View Controllers */,
				60715C28237A43DE0028BBF8 /* Misc */,
			);
			path = BattleBuddy;
			sourceTree = "<group>";
		};
		60715C1A237A42890028BBF8 /* Bridge */ = {
			isa = PBXGroup;
			children = (
				60715C1B237A42C40028BBF8 /* BBAssembler.h */,
				60715C1C237A42C40028BBF8 /* BBAssembler+Private.h */,
				60715C1D237A42C40028BBF8 /* BBAssembler+Private.mm */,
			);
			path = Bridge;
			sourceTree = "<group>";
		};
		60715C28237A43DE0028BBF8 /* Misc */ = {
			isa = PBXGroup;
			children = (
				60715C0D237A420C0028BBF8 /* Main.storyboard */,
				60715C10237A420E0028BBF8 /* Assets.xcassets */,
				60715C12237A420E0028BBF8 /* LaunchScreen.storyboard */,
			);
			path = Misc;
			sourceTree = "<group>";
		};
		60715C29237A44EC0028BBF8 /* View Controllers */ = {
			isa = PBXGroup;
			children = (
				60715C0B237A420C0028BBF8 /* ViewController.swift */,
			);
			path = "View Controllers";
			sourceTree = "<group>";
		};
		60715C2A237A45160028BBF8 /* Djinni */ = {
			isa = PBXGroup;
			children = (
				60715C2E237A45290028BBF8 /* DJICppWrapperCache+Private.h */,
				60715C2B237A45290028BBF8 /* DJIError.h */,
				60715C2F237A45290028BBF8 /* DJIError.mm */,
				60715C30237A45290028BBF8 /* DJIMarshal+Private.h */,
				60715C2C237A45290028BBF8 /* DJIObjcWrapperCache+Private.h */,
				60715C2D237A45290028BBF8 /* DJIProxyCaches.mm */,
			);
			path = Djinni;
			sourceTree = "<group>";
		};
/* End PBXGroup section */

/* Begin PBXNativeTarget section */
		60715BF1237A3FD20028BBF8 /* BattleBuddyCore */ = {
			isa = PBXNativeTarget;
			buildConfigurationList = 60715BF9237A3FD20028BBF8 /* Build configuration list for PBXNativeTarget "BattleBuddyCore" */;
			buildPhases = (
				60715BEE237A3FD20028BBF8 /* Sources */,
				60715BEF237A3FD20028BBF8 /* Frameworks */,
				60715BF0237A3FD20028BBF8 /* CopyFiles */,
			);
			buildRules = (
			);
			dependencies = (
			);
			name = BattleBuddyCore;
			productName = BattleBuddyCore;
			productReference = 60715BF2237A3FD20028BBF8 /* BattleBuddyCore */;
			productType = "com.apple.product-type.tool";
		};
		60715C06237A420C0028BBF8 /* BattleBuddy */ = {
			isa = PBXNativeTarget;
			buildConfigurationList = 60715C16237A420E0028BBF8 /* Build configuration list for PBXNativeTarget "BattleBuddy" */;
			buildPhases = (
				60715C03237A420C0028BBF8 /* Sources */,
				60715C04237A420C0028BBF8 /* Frameworks */,
				60715C05237A420C0028BBF8 /* Resources */,
			);
			buildRules = (
			);
			dependencies = (
			);
			name = BattleBuddy;
			productName = BattleBuddy;
			productReference = 60715C07237A420C0028BBF8 /* BattleBuddy.app */;
			productType = "com.apple.product-type.application";
		};
/* End PBXNativeTarget section */

/* Begin PBXProject section */
		60715BEA237A3FD20028BBF8 /* Project object */ = {
			isa = PBXProject;
			attributes = {
				LastSwiftUpdateCheck = 1030;
				LastUpgradeCheck = 1030;
				ORGANIZATIONNAME = Veritas;
				TargetAttributes = {
					60715BF1237A3FD20028BBF8 = {
						CreatedOnToolsVersion = 10.3;
					};
					60715C06237A420C0028BBF8 = {
						CreatedOnToolsVersion = 10.3;
					};
				};
			};
			buildConfigurationList = 60715BED237A3FD20028BBF8 /* Build configuration list for PBXProject "BattleBuddyCore" */;
			compatibilityVersion = "Xcode 9.3";
			developmentRegion = en;
			hasScannedForEncodings = 0;
			knownRegions = (
				en,
				Base,
			);
			mainGroup = 60715BE9237A3FD20028BBF8;
			productRefGroup = 60715BF3237A3FD20028BBF8 /* Products */;
			projectDirPath = "";
			projectRoot = "";
			targets = (
				60715BF1237A3FD20028BBF8 /* BattleBuddyCore */,
				60715C06237A420C0028BBF8 /* BattleBuddy */,
			);
		};
/* End PBXProject section */

/* Begin PBXResourcesBuildPhase section */
		60715C05237A420C0028BBF8 /* Resources */ = {
			isa = PBXResourcesBuildPhase;
			buildActionMask = 2147483647;
			files = (
				60715C14237A420E0028BBF8 /* LaunchScreen.storyboard in Resources */,
				60715C11237A420E0028BBF8 /* Assets.xcassets in Resources */,
				60715C0F237A420C0028BBF8 /* Main.storyboard in Resources */,
			);
			runOnlyForDeploymentPostprocessing = 0;
		};
/* End PBXResourcesBuildPhase section */

/* Begin PBXSourcesBuildPhase section */
		60715BEE237A3FD20028BBF8 /* Sources */ = {
			isa = PBXSourcesBuildPhase;
			buildActionMask = 2147483647;
			files = (
				60715C02237A41200028BBF8 /* AssemblerImpl.cpp in Sources */,
				60715BF6237A3FD20028BBF8 /* main.cpp in Sources */,
			);
			runOnlyForDeploymentPostprocessing = 0;
		};
		60715C03237A420C0028BBF8 /* Sources */ = {
			isa = PBXSourcesBuildPhase;
			buildActionMask = 2147483647;
			files = (
				60715C31237A452A0028BBF8 /* DJIProxyCaches.mm in Sources */,
				60715C0C237A420C0028BBF8 /* ViewController.swift in Sources */,
				60715C32237A452A0028BBF8 /* DJIError.mm in Sources */,
				60715C0A237A420C0028BBF8 /* AppDelegate.swift in Sources */,
				60715C1E237A42C40028BBF8 /* BBAssembler+Private.mm in Sources */,
				60715C19237A42790028BBF8 /* AssemblerImpl.cpp in Sources */,
			);
			runOnlyForDeploymentPostprocessing = 0;
		};
/* End PBXSourcesBuildPhase section */

/* Begin PBXVariantGroup section */
		60715C0D237A420C0028BBF8 /* Main.storyboard */ = {
			isa = PBXVariantGroup;
			children = (
				60715C0E237A420C0028BBF8 /* Base */,
			);
			name = Main.storyboard;
			sourceTree = "<group>";
		};
		60715C12237A420E0028BBF8 /* LaunchScreen.storyboard */ = {
			isa = PBXVariantGroup;
			children = (
				60715C13237A420E0028BBF8 /* Base */,
			);
			name = LaunchScreen.storyboard;
			sourceTree = "<group>";
		};
/* End PBXVariantGroup section */

/* Begin XCBuildConfiguration section */
		60715BF7237A3FD20028BBF8 /* Debug */ = {
			isa = XCBuildConfiguration;
			buildSettings = {
				ALWAYS_SEARCH_USER_PATHS = NO;
				CLANG_ANALYZER_NONNULL = YES;
				CLANG_ANALYZER_NUMBER_OBJECT_CONVERSION = YES_AGGRESSIVE;
				CLANG_CXX_LANGUAGE_STANDARD = "gnu++14";
				CLANG_CXX_LIBRARY = "libc++";
				CLANG_ENABLE_MODULES = YES;
				CLANG_ENABLE_OBJC_ARC = YES;
				CLANG_ENABLE_OBJC_WEAK = YES;
				CLANG_WARN_BLOCK_CAPTURE_AUTORELEASING = YES;
				CLANG_WARN_BOOL_CONVERSION = YES;
				CLANG_WARN_COMMA = YES;
				CLANG_WARN_CONSTANT_CONVERSION = YES;
				CLANG_WARN_DEPRECATED_OBJC_IMPLEMENTATIONS = YES;
				CLANG_WARN_DIRECT_OBJC_ISA_USAGE = YES_ERROR;
				CLANG_WARN_DOCUMENTATION_COMMENTS = YES;
				CLANG_WARN_EMPTY_BODY = YES;
				CLANG_WARN_ENUM_CONVERSION = YES;
				CLANG_WARN_INFINITE_RECURSION = YES;
				CLANG_WARN_INT_CONVERSION = YES;
				CLANG_WARN_NON_LITERAL_NULL_CONVERSION = YES;
				CLANG_WARN_OBJC_IMPLICIT_RETAIN_SELF = YES;
				CLANG_WARN_OBJC_LITERAL_CONVERSION = YES;
				CLANG_WARN_OBJC_ROOT_CLASS = YES_ERROR;
				CLANG_WARN_RANGE_LOOP_ANALYSIS = YES;
				CLANG_WARN_STRICT_PROTOTYPES = YES;
				CLANG_WARN_SUSPICIOUS_MOVE = YES;
				CLANG_WARN_UNGUARDED_AVAILABILITY = YES_AGGRESSIVE;
				CLANG_WARN_UNREACHABLE_CODE = YES;
				CLANG_WARN__DUPLICATE_METHOD_MATCH = YES;
				CODE_SIGN_IDENTITY = "Mac Developer";
				COPY_PHASE_STRIP = NO;
				DEBUG_INFORMATION_FORMAT = dwarf;
				ENABLE_STRICT_OBJC_MSGSEND = YES;
				ENABLE_TESTABILITY = YES;
				GCC_C_LANGUAGE_STANDARD = gnu11;
				GCC_DYNAMIC_NO_PIC = NO;
				GCC_NO_COMMON_BLOCKS = YES;
				GCC_OPTIMIZATION_LEVEL = 0;
				GCC_PREPROCESSOR_DEFINITIONS = (
					"DEBUG=1",
					"$(inherited)",
				);
				GCC_WARN_64_TO_32_BIT_CONVERSION = YES;
				GCC_WARN_ABOUT_RETURN_TYPE = YES_ERROR;
				GCC_WARN_UNDECLARED_SELECTOR = YES;
				GCC_WARN_UNINITIALIZED_AUTOS = YES_AGGRESSIVE;
				GCC_WARN_UNUSED_FUNCTION = YES;
				GCC_WARN_UNUSED_VARIABLE = YES;
				MACOSX_DEPLOYMENT_TARGET = 10.14;
				MTL_ENABLE_DEBUG_INFO = INCLUDE_SOURCE;
				MTL_FAST_MATH = YES;
				ONLY_ACTIVE_ARCH = YES;
				SDKROOT = macosx;
			};
			name = Debug;
		};
		60715BF8237A3FD20028BBF8 /* Release */ = {
			isa = XCBuildConfiguration;
			buildSettings = {
				ALWAYS_SEARCH_USER_PATHS = NO;
				CLANG_ANALYZER_NONNULL = YES;
				CLANG_ANALYZER_NUMBER_OBJECT_CONVERSION = YES_AGGRESSIVE;
				CLANG_CXX_LANGUAGE_STANDARD = "gnu++14";
				CLANG_CXX_LIBRARY = "libc++";
				CLANG_ENABLE_MODULES = YES;
				CLANG_ENABLE_OBJC_ARC = YES;
				CLANG_ENABLE_OBJC_WEAK = YES;
				CLANG_WARN_BLOCK_CAPTURE_AUTORELEASING = YES;
				CLANG_WARN_BOOL_CONVERSION = YES;
				CLANG_WARN_COMMA = YES;
				CLANG_WARN_CONSTANT_CONVERSION = YES;
				CLANG_WARN_DEPRECATED_OBJC_IMPLEMENTATIONS = YES;
				CLANG_WARN_DIRECT_OBJC_ISA_USAGE = YES_ERROR;
				CLANG_WARN_DOCUMENTATION_COMMENTS = YES;
				CLANG_WARN_EMPTY_BODY = YES;
				CLANG_WARN_ENUM_CONVERSION = YES;
				CLANG_WARN_INFINITE_RECURSION = YES;
				CLANG_WARN_INT_CONVERSION = YES;
				CLANG_WARN_NON_LITERAL_NULL_CONVERSION = YES;
				CLANG_WARN_OBJC_IMPLICIT_RETAIN_SELF = YES;
				CLANG_WARN_OBJC_LITERAL_CONVERSION = YES;
				CLANG_WARN_OBJC_ROOT_CLASS = YES_ERROR;
				CLANG_WARN_RANGE_LOOP_ANALYSIS = YES;
				CLANG_WARN_STRICT_PROTOTYPES = YES;
				CLANG_WARN_SUSPICIOUS_MOVE = YES;
				CLANG_WARN_UNGUARDED_AVAILABILITY = YES_AGGRESSIVE;
				CLANG_WARN_UNREACHABLE_CODE = YES;
				CLANG_WARN__DUPLICATE_METHOD_MATCH = YES;
				CODE_SIGN_IDENTITY = "Mac Developer";
				COPY_PHASE_STRIP = NO;
				DEBUG_INFORMATION_FORMAT = "dwarf-with-dsym";
				ENABLE_NS_ASSERTIONS = NO;
				ENABLE_STRICT_OBJC_MSGSEND = YES;
				GCC_C_LANGUAGE_STANDARD = gnu11;
				GCC_NO_COMMON_BLOCKS = YES;
				GCC_WARN_64_TO_32_BIT_CONVERSION = YES;
				GCC_WARN_ABOUT_RETURN_TYPE = YES_ERROR;
				GCC_WARN_UNDECLARED_SELECTOR = YES;
				GCC_WARN_UNINITIALIZED_AUTOS = YES_AGGRESSIVE;
				GCC_WARN_UNUSED_FUNCTION = YES;
				GCC_WARN_UNUSED_VARIABLE = YES;
				MACOSX_DEPLOYMENT_TARGET = 10.14;
				MTL_ENABLE_DEBUG_INFO = NO;
				MTL_FAST_MATH = YES;
				SDKROOT = macosx;
			};
			name = Release;
		};
		60715BFA237A3FD20028BBF8 /* Debug */ = {
			isa = XCBuildConfiguration;
			buildSettings = {
				CODE_SIGN_STYLE = Automatic;
				DEVELOPMENT_TEAM = 63LNS64VMY;
				PRODUCT_NAME = "$(TARGET_NAME)";
			};
			name = Debug;
		};
		60715BFB237A3FD20028BBF8 /* Release */ = {
			isa = XCBuildConfiguration;
			buildSettings = {
				CODE_SIGN_STYLE = Automatic;
				DEVELOPMENT_TEAM = 63LNS64VMY;
				PRODUCT_NAME = "$(TARGET_NAME)";
			};
			name = Release;
		};
		60715C17237A420E0028BBF8 /* Debug */ = {
			isa = XCBuildConfiguration;
			buildSettings = {
				ASSETCATALOG_COMPILER_APPICON_NAME = AppIcon;
				CODE_SIGN_IDENTITY = "iPhone Developer";
				CODE_SIGN_STYLE = Automatic;
				DEVELOPMENT_TEAM = 63LNS64VMY;
				INFOPLIST_FILE = BattleBuddy/Info.plist;
				IPHONEOS_DEPLOYMENT_TARGET = 12.4;
				LD_RUNPATH_SEARCH_PATHS = (
					"$(inherited)",
					"@executable_path/Frameworks",
				);
				PRODUCT_BUNDLE_IDENTIFIER = com.veritas.BattleBuddy;
				PRODUCT_NAME = "$(TARGET_NAME)";
				SDKROOT = iphoneos;
				SWIFT_ACTIVE_COMPILATION_CONDITIONS = DEBUG;
				SWIFT_OBJC_BRIDGING_HEADER = "$(PROJECT_NAME)/BattleBuddy-Bridging-Header.h";
				SWIFT_OPTIMIZATION_LEVEL = "-Onone";
				SWIFT_VERSION = 5.0;
				TARGETED_DEVICE_FAMILY = "1,2";
			};
			name = Debug;
		};
		60715C18237A420E0028BBF8 /* Release */ = {
			isa = XCBuildConfiguration;
			buildSettings = {
				ASSETCATALOG_COMPILER_APPICON_NAME = AppIcon;
				CODE_SIGN_IDENTITY = "iPhone Developer";
				CODE_SIGN_STYLE = Automatic;
				DEVELOPMENT_TEAM = 63LNS64VMY;
				INFOPLIST_FILE = BattleBuddy/Info.plist;
				IPHONEOS_DEPLOYMENT_TARGET = 12.4;
				LD_RUNPATH_SEARCH_PATHS = (
					"$(inherited)",
					"@executable_path/Frameworks",
				);
				PRODUCT_BUNDLE_IDENTIFIER = com.veritas.BattleBuddy;
				PRODUCT_NAME = "$(TARGET_NAME)";
				SDKROOT = iphoneos;
				SWIFT_COMPILATION_MODE = wholemodule;
				SWIFT_OBJC_BRIDGING_HEADER = "$(PROJECT_NAME)/BattleBuddy-Bridging-Header.h";
				SWIFT_OPTIMIZATION_LEVEL = "-O";
				SWIFT_VERSION = 5.0;
				TARGETED_DEVICE_FAMILY = "1,2";
				VALIDATE_PRODUCT = YES;
			};
			name = Release;
		};
/* End XCBuildConfiguration section */

/* Begin XCConfigurationList section */
		60715BED237A3FD20028BBF8 /* Build configuration list for PBXProject "BattleBuddyCore" */ = {
			isa = XCConfigurationList;
			buildConfigurations = (
				60715BF7237A3FD20028BBF8 /* Debug */,
				60715BF8237A3FD20028BBF8 /* Release */,
			);
			defaultConfigurationIsVisible = 0;
			defaultConfigurationName = Release;
		};
		60715BF9237A3FD20028BBF8 /* Build configuration list for PBXNativeTarget "BattleBuddyCore" */ = {
			isa = XCConfigurationList;
			buildConfigurations = (
				60715BFA237A3FD20028BBF8 /* Debug */,
				60715BFB237A3FD20028BBF8 /* Release */,
			);
			defaultConfigurationIsVisible = 0;
			defaultConfigurationName = Release;
		};
		60715C16237A420E0028BBF8 /* Build configuration list for PBXNativeTarget "BattleBuddy" */ = {
			isa = XCConfigurationList;
			buildConfigurations = (
				60715C17237A420E0028BBF8 /* Debug */,
				60715C18237A420E0028BBF8 /* Release */,
			);
			defaultConfigurationIsVisible = 0;
			defaultConfigurationName = Release;
		};
/* End XCConfigurationList section */
	};
	rootObject = 60715BEA237A3FD20028BBF8 /* Project object */;
}
